
Microsoft Visual Studio Solution File, Format Version 12.00
# Visual Studio Version 17
VisualStudioVersion = 17.2.32616.157
MinimumVisualStudioVersion = 10.0.40219.1
Project("{FAE04EC0-301F-11D3-BF4B-00C04F79EFBC}") = "FirstProject", "FirstProject\FirstProject.csproj", "{92D88E9D-FFDF-4247-B61F-0778C82BCD27}"
EndProject
Global
	GlobalSection(SolutionConfigurationPlatforms) = preSolution
		Debug|Any CPU = Debug|Any CPU
		Release|Any CPU = Release|Any CPU
	EndGlobalSection
	GlobalSection(ProjectConfigurationPlatforms) = postSolution
		{92D88E9D-FFDF-4247-B61F-0778C82BCD27}.Debug|Any CPU.ActiveCfg = Debug|Any CPU
		{92D88E9D-FFDF-4247-B61F-0778C82BCD27}.Debug|Any CPU.Build.0 = Debug|Any CPU
		{92D88E9D-FFDF-4247-B61F-0778C82BCD27}.Release|Any CPU.ActiveCfg = Release|Any CPU
		{92D88E9D-FFDF-4247-B61F-0778C82BCD27}.Release|Any CPU.Build.0 = Release|Any CPU
	EndGlobalSection
	GlobalSection(SolutionProperties) = preSolution
		HideSolutionNode = FALSE
	EndGlobalSection
	GlobalSection(ExtensibilityGlobals) = postSolution
		SolutionGuid = {46A5CB4A-6662-49B2-A02F-DD1BC1E473E9}
	EndGlobalSection
EndGlobal
